
Microsoft Visual Studio Solution File, Format Version 12.00
# Visual Studio Version 16
VisualStudioVersion = 16.0.33529.622
MinimumVisualStudioVersion = 10.0.40219.1
Project("{FAE04EC0-301F-11D3-BF4B-00C04F79EFBC}") = "TheIdealProject_Web_MVC", "TheIdealProject_Web_MVC\TheIdealProject_Web_MVC.csproj", "{E06B85C4-DC34-4967-A045-B5FE143BA757}"
EndProject
Project("{2150E333-8FDC-42A3-9474-1A3956D46DE8}") = "SQL", "SQL", "{329157E3-20A6-47C0-A88D-B2F9686DA04F}"
	ProjectSection(SolutionItems) = preProject
		MYSP_CreateModel.sql = MYSP_CreateModel.sql
		MYSP_Help.sql = MYSP_Help.sql
		MYSVF_GetDotNetDataType.sql = MYSVF_GetDotNetDataType.sql
		MYSVF_GetMonthName.sql = MYSVF_GetMonthName.sql
		MYTVF_STRING_SPLIT.sql = MYTVF_STRING_SPLIT.sql
		SP_GetByCriteria.sql = SP_GetByCriteria.sql
		SP_Insert.sql = SP_Insert.sql
		XML convert to table.sql = XML convert to table.sql
	EndProjectSection
EndProject
Project("{9A19103F-16F7-4668-BE54-9A1E7A4F7556}") = "core3.1_JWT", "core3.1_JWT\core3.1_JWT.csproj", "{2D031C6C-C545-4A23-A2EE-F477D35184EC}"
EndProject
Project("{9A19103F-16F7-4668-BE54-9A1E7A4F7556}") = "WebCore7_withEF", "WebCore7_withEF\WebCore7_withEF.csproj", "{C80DC2FC-02E8-4E38-A463-5DCEB287CCD6}"
EndProject
Project("{9A19103F-16F7-4668-BE54-9A1E7A4F7556}") = "WebCoreWithRDLC", "WebCoreWithRDLC\WebCoreWithRDLC.csproj", "{AF9DD925-024D-44A1-B962-09A80B793CB6}"
EndProject
Project("{FAE04EC0-301F-11D3-BF4B-00C04F79EFBC}") = "WebAppExcelExport", "WebAppExcelExport\WebAppExcelExport.csproj", "{F00A8BDC-0FD6-46D9-A4D7-31EB21664AEC}"
EndProject
Global
	GlobalSection(SolutionConfigurationPlatforms) = preSolution
		Debug|Any CPU = Debug|Any CPU
		Release|Any CPU = Release|Any CPU
	EndGlobalSection
	GlobalSection(ProjectConfigurationPlatforms) = postSolution
		{E06B85C4-DC34-4967-A045-B5FE143BA757}.Debug|Any CPU.ActiveCfg = Debug|Any CPU
		{E06B85C4-DC34-4967-A045-B5FE143BA757}.Debug|Any CPU.Build.0 = Debug|Any CPU
		{E06B85C4-DC34-4967-A045-B5FE143BA757}.Release|Any CPU.ActiveCfg = Release|Any CPU
		{E06B85C4-DC34-4967-A045-B5FE143BA757}.Release|Any CPU.Build.0 = Release|Any CPU
		{2D031C6C-C545-4A23-A2EE-F477D35184EC}.Debug|Any CPU.ActiveCfg = Debug|Any CPU
		{2D031C6C-C545-4A23-A2EE-F477D35184EC}.Debug|Any CPU.Build.0 = Debug|Any CPU
		{2D031C6C-C545-4A23-A2EE-F477D35184EC}.Release|Any CPU.ActiveCfg = Release|Any CPU
		{2D031C6C-C545-4A23-A2EE-F477D35184EC}.Release|Any CPU.Build.0 = Release|Any CPU
		{C80DC2FC-02E8-4E38-A463-5DCEB287CCD6}.Debug|Any CPU.ActiveCfg = Debug|Any CPU
		{C80DC2FC-02E8-4E38-A463-5DCEB287CCD6}.Debug|Any CPU.Build.0 = Debug|Any CPU
		{C80DC2FC-02E8-4E38-A463-5DCEB287CCD6}.Release|Any CPU.ActiveCfg = Release|Any CPU
		{C80DC2FC-02E8-4E38-A463-5DCEB287CCD6}.Release|Any CPU.Build.0 = Release|Any CPU
		{AF9DD925-024D-44A1-B962-09A80B793CB6}.Debug|Any CPU.ActiveCfg = Debug|Any CPU
		{AF9DD925-024D-44A1-B962-09A80B793CB6}.Debug|Any CPU.Build.0 = Debug|Any CPU
		{AF9DD925-024D-44A1-B962-09A80B793CB6}.Release|Any CPU.ActiveCfg = Release|Any CPU
		{AF9DD925-024D-44A1-B962-09A80B793CB6}.Release|Any CPU.Build.0 = Release|Any CPU
		{F00A8BDC-0FD6-46D9-A4D7-31EB21664AEC}.Debug|Any CPU.ActiveCfg = Debug|Any CPU
		{F00A8BDC-0FD6-46D9-A4D7-31EB21664AEC}.Debug|Any CPU.Build.0 = Debug|Any CPU
		{F00A8BDC-0FD6-46D9-A4D7-31EB21664AEC}.Release|Any CPU.ActiveCfg = Release|Any CPU
		{F00A8BDC-0FD6-46D9-A4D7-31EB21664AEC}.Release|Any CPU.Build.0 = Release|Any CPU
	EndGlobalSection
	GlobalSection(SolutionProperties) = preSolution
		HideSolutionNode = FALSE
	EndGlobalSection
	GlobalSection(ExtensibilityGlobals) = postSolution
		SolutionGuid = {91303108-DFA7-4275-A84B-DD4A40F81AAA}
	EndGlobalSection
EndGlobal
