
Microsoft Visual Studio Solution File, Format Version 12.00
# Visual Studio Version 16
VisualStudioVersion = 16.0.31019.35
MinimumVisualStudioVersion = 10.0.40219.1
Project("{FAE04EC0-301F-11D3-BF4B-00C04F79EFBC}") = "TheIdealProject_Web_MVC", "TheIdealProject_Web_MVC\TheIdealProject_Web_MVC.csproj", "{E06B85C4-DC34-4967-A045-B5FE143BA757}"
EndProject
Project("{9A19103F-16F7-4668-BE54-9A1E7A4F7556}") = "TheIdealProject_CoreWebMVC", "TheIdealProject_CoreWebMVC\TheIdealProject_CoreWebMVC.csproj", "{E4C0DD67-0F97-4555-82FD-8987E392912A}"
EndProject
Project("{2150E333-8FDC-42A3-9474-1A3956D46DE8}") = "SQL", "SQL", "{329157E3-20A6-47C0-A88D-B2F9686DA04F}"
	ProjectSection(SolutionItems) = preProject
		MYSP_CreateModel.sql = MYSP_CreateModel.sql
		MYSP_Help.sql = MYSP_Help.sql
		Split String TVF.sql = Split String TVF.sql
	EndProjectSection
EndProject
Global
	GlobalSection(SolutionConfigurationPlatforms) = preSolution
		Debug|Any CPU = Debug|Any CPU
		Release|Any CPU = Release|Any CPU
	EndGlobalSection
	GlobalSection(ProjectConfigurationPlatforms) = postSolution
		{E06B85C4-DC34-4967-A045-B5FE143BA757}.Debug|Any CPU.ActiveCfg = Debug|Any CPU
		{E06B85C4-DC34-4967-A045-B5FE143BA757}.Debug|Any CPU.Build.0 = Debug|Any CPU
		{E06B85C4-DC34-4967-A045-B5FE143BA757}.Release|Any CPU.ActiveCfg = Release|Any CPU
		{E06B85C4-DC34-4967-A045-B5FE143BA757}.Release|Any CPU.Build.0 = Release|Any CPU
		{E4C0DD67-0F97-4555-82FD-8987E392912A}.Debug|Any CPU.ActiveCfg = Debug|Any CPU
		{E4C0DD67-0F97-4555-82FD-8987E392912A}.Debug|Any CPU.Build.0 = Debug|Any CPU
		{E4C0DD67-0F97-4555-82FD-8987E392912A}.Release|Any CPU.ActiveCfg = Release|Any CPU
		{E4C0DD67-0F97-4555-82FD-8987E392912A}.Release|Any CPU.Build.0 = Release|Any CPU
	EndGlobalSection
	GlobalSection(SolutionProperties) = preSolution
		HideSolutionNode = FALSE
	EndGlobalSection
	GlobalSection(ExtensibilityGlobals) = postSolution
		SolutionGuid = {91303108-DFA7-4275-A84B-DD4A40F81AAA}
	EndGlobalSection
EndGlobal
